
Microsoft Visual Studio Solution File, Format Version 12.00
# Visual Studio 15
VisualStudioVersion = 15.0.28307.421
MinimumVisualStudioVersion = 10.0.40219.1
Project("{FAE04EC0-301F-11D3-BF4B-00C04F79EFBC}") = "KPMG", "KPMG\KPMG.csproj", "{D70BDDA3-D769-47B1-AF6D-8AD636511D5F}"
EndProject
Global
	GlobalSection(SolutionConfigurationPlatforms) = preSolution
		Debug|Any CPU = Debug|Any CPU
		Release|Any CPU = Release|Any CPU
	EndGlobalSection
	GlobalSection(ProjectConfigurationPlatforms) = postSolution
		{D70BDDA3-D769-47B1-AF6D-8AD636511D5F}.Debug|Any CPU.ActiveCfg = Debug|Any CPU
		{D70BDDA3-D769-47B1-AF6D-8AD636511D5F}.Debug|Any CPU.Build.0 = Debug|Any CPU
		{D70BDDA3-D769-47B1-AF6D-8AD636511D5F}.Release|Any CPU.ActiveCfg = Release|Any CPU
		{D70BDDA3-D769-47B1-AF6D-8AD636511D5F}.Release|Any CPU.Build.0 = Release|Any CPU
	EndGlobalSection
	GlobalSection(SolutionProperties) = preSolution
		HideSolutionNode = FALSE
	EndGlobalSection
	GlobalSection(ExtensibilityGlobals) = postSolution
		SolutionGuid = {1567E18D-9E1D-4C25-923A-3F1BF7E05BAF}
	EndGlobalSection
EndGlobal
